
Microsoft Visual Studio Solution File, Format Version 12.00
# Visual Studio Version 16
VisualStudioVersion = 16.0.28803.352
MinimumVisualStudioVersion = 10.0.40219.1
Project("{8BC9CEB8-8B4A-11D0-8D11-00A0C91BC942}") = "text-editer", "text-editer\text-editer.vcxproj", "{0A919604-3BFB-4A40-8F98-1F4FE0B3981A}"
EndProject
Global
	GlobalSection(SolutionConfigurationPlatforms) = preSolution
		Debug|x64 = Debug|x64
		Debug|x86 = Debug|x86
		Release|x64 = Release|x64
		Release|x86 = Release|x86
	EndGlobalSection
	GlobalSection(ProjectConfigurationPlatforms) = postSolution
		{0A919604-3BFB-4A40-8F98-1F4FE0B3981A}.Debug|x64.ActiveCfg = Debug|x64
		{0A919604-3BFB-4A40-8F98-1F4FE0B3981A}.Debug|x64.Build.0 = Debug|x64
		{0A919604-3BFB-4A40-8F98-1F4FE0B3981A}.Debug|x86.ActiveCfg = Debug|Win32
		{0A919604-3BFB-4A40-8F98-1F4FE0B3981A}.Debug|x86.Build.0 = Debug|Win32
		{0A919604-3BFB-4A40-8F98-1F4FE0B3981A}.Release|x64.ActiveCfg = Release|x64
		{0A919604-3BFB-4A40-8F98-1F4FE0B3981A}.Release|x64.Build.0 = Release|x64
		{0A919604-3BFB-4A40-8F98-1F4FE0B3981A}.Release|x86.ActiveCfg = Release|Win32
		{0A919604-3BFB-4A40-8F98-1F4FE0B3981A}.Release|x86.Build.0 = Release|Win32
	EndGlobalSection
	GlobalSection(SolutionProperties) = preSolution
		HideSolutionNode = FALSE
	EndGlobalSection
	GlobalSection(ExtensibilityGlobals) = postSolution
		SolutionGuid = {D6AAF7BA-EE81-4080-8CBC-4FC9C6A32AA9}
	EndGlobalSection
EndGlobal
